
Microsoft Visual Studio Solution File, Format Version 12.00
# Visual Studio Version 16
VisualStudioVersion = 16.0.29920.165
MinimumVisualStudioVersion = 10.0.40219.1
Project("{9A19103F-16F7-4668-BE54-9A1E7A4F7556}") = "CSC237_tatomsa_InClassProject", "CSC237_tatomsa_InClassProject\CSC237_tatomsa_InClassProject.csproj", "{15037223-EBE9-49DA-96FA-D3C7424FD0BB}"
EndProject
Project("{FAE04EC0-301F-11D3-BF4B-00C04F79EFBC}") = "SportsPro.Tests", "SportsPro.Tests\SportsPro.Tests.csproj", "{3BB0EB18-ACAA-4C25-AA46-BA2BAE7F63F6}"
EndProject
Global
	GlobalSection(SolutionConfigurationPlatforms) = preSolution
		Debug|Any CPU = Debug|Any CPU
		Release|Any CPU = Release|Any CPU
	EndGlobalSection
	GlobalSection(ProjectConfigurationPlatforms) = postSolution
		{15037223-EBE9-49DA-96FA-D3C7424FD0BB}.Debug|Any CPU.ActiveCfg = Debug|Any CPU
		{15037223-EBE9-49DA-96FA-D3C7424FD0BB}.Debug|Any CPU.Build.0 = Debug|Any CPU
		{15037223-EBE9-49DA-96FA-D3C7424FD0BB}.Release|Any CPU.ActiveCfg = Release|Any CPU
		{15037223-EBE9-49DA-96FA-D3C7424FD0BB}.Release|Any CPU.Build.0 = Release|Any CPU
		{3BB0EB18-ACAA-4C25-AA46-BA2BAE7F63F6}.Debug|Any CPU.ActiveCfg = Debug|Any CPU
		{3BB0EB18-ACAA-4C25-AA46-BA2BAE7F63F6}.Debug|Any CPU.Build.0 = Debug|Any CPU
		{3BB0EB18-ACAA-4C25-AA46-BA2BAE7F63F6}.Release|Any CPU.ActiveCfg = Release|Any CPU
		{3BB0EB18-ACAA-4C25-AA46-BA2BAE7F63F6}.Release|Any CPU.Build.0 = Release|Any CPU
	EndGlobalSection
	GlobalSection(SolutionProperties) = preSolution
		HideSolutionNode = FALSE
	EndGlobalSection
	GlobalSection(ExtensibilityGlobals) = postSolution
		SolutionGuid = {95DC507D-35FE-4DAE-BD37-4BF2C2B1DAE5}
	EndGlobalSection
EndGlobal
